{
    "_meta": {
        "hash": {
            "sha256": "8f95c6bf80ee91c1277b6b0cb7bb858bdbd9b810ccfacbf682136e67244d5da3"
        },
        "pipfile-spec": 6,
        "requires": {
            "python_version": "3.9"
        },
        "sources": [
            {
                "name": "pypi",
                "url": "https://pypi.org/simple",
                "verify_ssl": true
            }
        ]
    },
    "default": {
        "cachetools": {
            "hashes": [
                "sha256:1d9d5f567be80f7c07d765e21b814326d78c61eb0c3a637dffc0e5d1796cb2e2",
                "sha256:f469e29e7aa4cff64d8de4aad95ce76de8ea1125a16c68e0d93f65c3c3dc92e9"
            ],
            "markers": "python_version ~= '3.5'",
            "version": "==4.2.1"
        },
        "certifi": {
            "hashes": [
                "sha256:1a4995114262bffbc2413b159f2a1a480c969de6e6eb13ee966d470af86af59c",
                "sha256:719a74fb9e33b9bd44cc7f3a8d94bc35e4049deebe19ba7d8e108280cfd59830"
            ],
            "version": "==2020.12.5"
        },
        "chardet": {
            "hashes": [
                "sha256:0d6f53a15db4120f2b08c94f11e7d93d2c911ee118b6b30a04ec3ee8310179fa",
                "sha256:f864054d66fd9118f2e67044ac8981a54775ec5b67aed0441892edb553d21da5"
            ],
            "markers": "python_version >= '2.7' and python_version not in '3.0, 3.1, 3.2, 3.3, 3.4'",
            "version": "==4.0.0"
        },
        "google-auth": {
            "hashes": [
                "sha256:9bd436d19ab047001a1340720d2b629eb96dd503258c524921ec2af3ee88a80e",
                "sha256:dcaba3aa9d4e0e96fd945bf25a86b6f878fcb05770b67adbeb50a63ca4d28a5e"
            ],
            "index": "pypi",
            "version": "==1.28.0"
        },
        "google-auth-oauthlib": {
            "hashes": [
                "sha256:09832c6e75032f93818edf1affe4746121d640c625a5bef9b5c96af676e98eee",
                "sha256:0e92aacacfb94978de3b7972cf4b0f204c3cd206f74ddd0dc0b31e91164e6317"
            ],
            "index": "pypi",
            "version": "==0.4.4"
        },
        "idna": {
            "hashes": [
                "sha256:b307872f855b18632ce0c21c5e45be78c0ea7ae4c15c828c20788b26921eb3f6",
                "sha256:b97d804b1e9b523befed77c48dacec60e6dcb0b5391d57af6a65a312a90648c0"
            ],
            "markers": "python_version >= '2.7' and python_version not in '3.0, 3.1, 3.2, 3.3'",
            "version": "==2.10"
        },
        "oauthlib": {
            "hashes": [
                "sha256:bee41cc35fcca6e988463cacc3bcb8a96224f470ca547e697b604cc697b2f889",
                "sha256:df884cd6cbe20e32633f1db1072e9356f53638e4361bef4e8b03c9127c9328ea"
            ],
            "markers": "python_version >= '2.7' and python_version not in '3.0, 3.1, 3.2, 3.3'",
            "version": "==3.1.0"
        },
        "pyasn1": {
            "hashes": [
                "sha256:014c0e9976956a08139dc0712ae195324a75e142284d5f87f1a87ee1b068a359",
                "sha256:03840c999ba71680a131cfaee6fab142e1ed9bbd9c693e285cc6aca0d555e576",
                "sha256:0458773cfe65b153891ac249bcf1b5f8f320b7c2ce462151f8fa74de8934becf",
                "sha256:08c3c53b75eaa48d71cf8c710312316392ed40899cb34710d092e96745a358b7",
                "sha256:39c7e2ec30515947ff4e87fb6f456dfc6e84857d34be479c9d4a4ba4bf46aa5d",
                "sha256:5c9414dcfede6e441f7e8f81b43b34e834731003427e5b09e4e00e3172a10f00",
                "sha256:6e7545f1a61025a4e58bb336952c5061697da694db1cae97b116e9c46abcf7c8",
                "sha256:78fa6da68ed2727915c4767bb386ab32cdba863caa7dbe473eaae45f9959da86",
                "sha256:7ab8a544af125fb704feadb008c99a88805126fb525280b2270bb25cc1d78a12",
                "sha256:99fcc3c8d804d1bc6d9a099921e39d827026409a58f2a720dcdb89374ea0c776",
                "sha256:aef77c9fb94a3ac588e87841208bdec464471d9871bd5050a287cc9a475cd0ba",
                "sha256:e89bf84b5437b532b0803ba5c9a5e054d21fec423a89952a74f87fa2c9b7bce2",
                "sha256:fec3e9d8e36808a28efb59b489e4528c10ad0f480e57dcc32b4de5c9d8c9fdf3"
            ],
            "version": "==0.4.8"
        },
        "pyasn1-modules": {
            "hashes": [
                "sha256:0845a5582f6a02bb3e1bde9ecfc4bfcae6ec3210dd270522fee602365430c3f8",
                "sha256:0fe1b68d1e486a1ed5473f1302bd991c1611d319bba158e98b106ff86e1d7199",
                "sha256:15b7c67fabc7fc240d87fb9aabf999cf82311a6d6fb2c70d00d3d0604878c811",
                "sha256:426edb7a5e8879f1ec54a1864f16b882c2837bfd06eee62f2c982315ee2473ed",
                "sha256:65cebbaffc913f4fe9e4808735c95ea22d7a7775646ab690518c056784bc21b4",
                "sha256:905f84c712230b2c592c19470d3ca8d552de726050d1d1716282a1f6146be65e",
                "sha256:a50b808ffeb97cb3601dd25981f6b016cbb3d31fbf57a8b8a87428e6158d0c74",
                "sha256:a99324196732f53093a84c4369c996713eb8c89d360a496b599fb1a9c47fc3eb",
                "sha256:b80486a6c77252ea3a3e9b1e360bc9cf28eaac41263d173c032581ad2f20fe45",
                "sha256:c29a5e5cc7a3f05926aff34e097e84f8589cd790ce0ed41b67aed6857b26aafd",
                "sha256:cbac4bc38d117f2a49aeedec4407d23e8866ea4ac27ff2cf7fb3e5b570df19e0",
                "sha256:f39edd8c4ecaa4556e989147ebf219227e2cd2e8a43c7e7fcb1f1c18c5fd6a3d",
                "sha256:fe0644d9ab041506b62782e92b06b8c68cca799e1a9636ec398675459e031405"
            ],
            "version": "==0.2.8"
        },
        "pymongo": {
            "hashes": [
                "sha256:0384d76b409278ddb34ac19cdc4664511685959bf719adbdc051875ded4689aa",
                "sha256:05e2bda928a3a6bc6ddff9e5a8579d41928b75d7417b18f9a67c82bb52150ac6",
                "sha256:152e4ac3158b776135d8fce28d2ac06e682b885fcbe86690d66465f262ab244e",
                "sha256:180511abfef70feb022360b35f4863dd68e08334197089201d5c52208de9ca2e",
                "sha256:19d52c60dc37520385f538d6d1a4c40bc398e0885f4ed6a36ce10b631dab2852",
                "sha256:1d559a76ae87143ad96c2ecd6fdd38e691721e175df7ced3fcdc681b4638bca1",
                "sha256:210ec4a058480b9c3869082e52b66d80c4a48eda9682d7a569a1a5a48100ea54",
                "sha256:2163d736d6f62b20753be5da3dc07a188420b355f057fcbb3075b05ee6227b2f",
                "sha256:22ee2c94fee1e391735be63aa1c9af4c69fdcb325ae9e5e4ddff770248ef60a6",
                "sha256:28633868be21a187702a8613913e13d1987d831529358c29fc6f6670413df040",
                "sha256:29390c39ca873737689a0749c9c3257aad96b323439b11279fbc0ba8626ec9c5",
                "sha256:2aeb108da1ed8e066800fb447ba5ae89d560e6773d228398a87825ac3630452d",
                "sha256:322f6cc7bf23a264151ebc5229a92600c4b55ac83c83c91c9bab1ec92c888a8d",
                "sha256:34c15f5798f23488e509eae82fbf749c3d17db74379a88c07c869ece1aa806b9",
                "sha256:3873866534b6527e6863e742eb23ea2a539e3c7ee00ad3f9bec9da27dbaaff6f",
                "sha256:3dbc67754882d740f17809342892f0b24398770bd99d48c5cb5ba89f5f5dee4e",
                "sha256:413b18ac2222f5d961eb8d1c8dcca6c6ca176c8613636d8c13aa23abae7f7a21",
                "sha256:42f9ec9d77358f557fe17cc15e796c4d4d492ede1a30cba3664822cae66e97c5",
                "sha256:4ac387ac1be71b798d1c372a924f9c30352f30e684e06f086091297352698ac0",
                "sha256:4ca92e15fcf02e02e7c24b448a16599b98c9d0e6a46cd85cc50804450ebf7245",
                "sha256:4d959e929cec805c2bf391418b1121590b4e7d5cb00af7b1ba521443d45a0918",
                "sha256:5091aacbdb667b418b751157f48f6daa17142c4f9063d58e5a64c90b2afbdf9a",
                "sha256:5a03ae5ac85b04b2034a0689add9ff597b16d5e24066a87f6ab0e9fa67049156",
                "sha256:5e1341276ce8b7752db9aeac6bbb0cbe82a3f6a6186866bf6b4906d8d328d50b",
                "sha256:6043d251fac27ca04ff22ed8deb5ff7a43dc18e8a4a15b4c442d2a20fa313162",
                "sha256:610d5cbbfd026e2f6d15665af51e048e49b68363fedece2ed318cc8fe080dd94",
                "sha256:622a5157ffcd793d305387c1c9fb94185f496c8c9fd66dafb59de0807bc14ad7",
                "sha256:65b67637f0a25ac9d25efb13c1578eb065870220ffa82f132c5b2d8e43ac39c3",
                "sha256:66573c8c7808cce4f3b56c23cb7cad6c3d7f4c464b9016d35f5344ad743896d7",
                "sha256:66b688fc139c6742057795510e3b12c4acbf90d11af1eff9689a41d9c84478d6",
                "sha256:685b884fa41bd2913fd20af85866c4ff886b7cbb7e4833b918996aa5d45a04be",
                "sha256:6a5834e392c97f19f36670e34bf9d346d733ad89ee0689a6419dd737dfa4308a",
                "sha256:728313cc0d59d1a1a004f675607dcf5c711ced3f55e75d82b3f264fd758869f3",
                "sha256:733e1cfffc4cd99848230e2999c8a86e284c6af6746482f8ad2ad554dce14e39",
                "sha256:7814b2cf23aad23464859973c5cd2066ca2fd99e0b934acefbb0b728ac2525bf",
                "sha256:7c77801620e5e75fb9c7abae235d3cc45d212a67efa98f4972eef63e736a8daa",
                "sha256:7cd42c66d49ffb68dea065e1c8a4323e7ceab386e660fee9863d4fa227302ba9",
                "sha256:7d2ae2f7c50adec20fde46a73465de31a6a6fbb4903240f8b7304549752ca7a1",
                "sha256:7edff02e44dd0badd749d7342e40705a398d98c5d8f7570f57cff9568c2351fa",
                "sha256:87981008d565f647142869d99915cc4760b7725858da3d39ecb2a606e23f36fd",
                "sha256:92e2376ce3ca0e3e443b3c5c2bb5d584c7e59221edfb0035313c6306049ba55a",
                "sha256:950710f7370613a6bfa2ccd842b488c5b8072e83fb6b7d45d99110bf44651d06",
                "sha256:980527f4ccc6644855bb68056fe7835da6d06d37776a52df5bcc1882df57c3db",
                "sha256:9fbffc5bad4df99a509783cbd449ed0d24fcd5a450c28e7756c8f20eda3d2aa5",
                "sha256:a8b02e0119d6ee381a265d8d2450a38096f82916d895fed2dfd81d4c7a54d6e4",
                "sha256:b17e627844d86031c77147c40bf992a6e1114025a460874deeda6500d0f34862",
                "sha256:b1aa62903a2c5768b0001632efdea2e8da6c80abdd520c2e8a16001cc9affb23",
                "sha256:b32e4eed2ef19a20dfb57698497a9bc54e74efb2e260c003e9056c145f130dc7",
                "sha256:b44fa04720bbfd617b6aef036989c8c30435f11450c0a59136291d7b41ed647f",
                "sha256:b4535d98df83abebb572035754fb3d4ad09ce7449375fa09fa9ede2dbc87b62b",
                "sha256:bb6a5777bf558f444cd4883d617546182cfeff8f2d4acd885253f11a16740534",
                "sha256:bc2eb67387b8376120a2be6cba9d23f9d6a6c3828e00fb0a64c55ad7b54116d1",
                "sha256:bd351ceb2decd23d523fc50bad631ee9ae6e97e7cdc355ce5600fe310484f96e",
                "sha256:bf70097bd497089f1baabf9cbb3ec4f69c022dc7a70c41ba9c238fa4d0fff7ab",
                "sha256:c7fd18d4b7939408df9315fedbdb05e179760960a92b3752498e2fcd03f24c3d",
                "sha256:cc359e408712faf9ea775f4c0ec8f2bfc843afe47747a657808d9595edd34d71",
                "sha256:cd8fc35d4c0c717cc29b0cb894871555cb7137a081e179877ecc537e2607f0b9",
                "sha256:daa44cefde19978af57ac1d50413cd86ebf2b497328e7a27832f5824bda47439",
                "sha256:db5098587f58fbf8582d9bda2462762b367207246d3e19623782fb449c3c5fcc",
                "sha256:db6fd53ef5f1914ad801830406440c3bfb701e38a607eda47c38adba267ba300",
                "sha256:e1414599a97554d451e441afb362dbee1505e4550852c0068370d843757a3fe2",
                "sha256:ee42a8f850143ae7c67ea09a183a6a4ad8d053e1dbd9a1134e21a7b5c1bc6c73",
                "sha256:f23abcf6eca5859a2982beadfb5111f8c5e76e30ff99aaee3c1c327f814f9f10",
                "sha256:f6748c447feeadda059719ef5ab1fb9d84bd370e205b20049a0e8b45ef4ad593"
            ],
            "index": "pypi",
            "version": "==3.11.3"
        },
        "requests": {
            "hashes": [
                "sha256:27973dd4a904a4f13b263a19c866c13b92a39ed1c964655f025f3f8d3d75b804",
                "sha256:c210084e36a42ae6b9219e00e48287def368a26d03a048ddad7bfee44f75871e"
            ],
            "index": "pypi",
            "version": "==2.25.1"
        },
        "requests-oauthlib": {
            "hashes": [
                "sha256:7f71572defaecd16372f9006f33c2ec8c077c3cfa6f5911a9a90202beb513f3d",
                "sha256:b4261601a71fd721a8bd6d7aa1cc1d6a8a93b4a9f5e96626f8e4d91e8beeaa6a",
                "sha256:fa6c47b933f01060936d87ae9327fead68768b69c6c9ea2109c48be30f2d4dbc"
            ],
            "version": "==1.3.0"
        },
        "rsa": {
            "hashes": [
                "sha256:78f9a9bf4e7be0c5ded4583326e7461e3a3c5aae24073648b4bdfa797d78c9d2",
                "sha256:9d689e6ca1b3038bc82bf8d23e944b6b6037bc02301a574935b2dd946e0353b9"
            ],
            "markers": "python_version >= '3.6'",
            "version": "==4.7.2"
        },
        "six": {
            "hashes": [
                "sha256:30639c035cdb23534cd4aa2dd52c3bf48f06e5f4a941509c8bafd8ce11080259",
                "sha256:8b74bedcbbbaca38ff6d7491d76f2b06b3592611af620f8426e82dddb04a5ced"
            ],
            "markers": "python_version >= '2.7' and python_version not in '3.0, 3.1, 3.2, 3.3'",
            "version": "==1.15.0"
        },
        "urllib3": {
            "hashes": [
                "sha256:2f4da4594db7e1e110a944bb1b551fdf4e6c136ad42e4234131391e21eb5b0df",
                "sha256:e7b021f7241115872f92f43c6508082facffbd1c048e3c6e2bb9c2a157e28937"
            ],
            "markers": "python_version >= '2.7' and python_version not in '3.0, 3.1, 3.2, 3.3, 3.4' and python_version < '4'",
            "version": "==1.26.4"
        }
    },
    "develop": {}
}
